PODS:
  - PolarGX (3.3.0):
    - PolarGX/Core (= 3.3.0)
  - PolarGX/Core (3.3.0)

DEPENDENCIES:
  - PolarGX (from `../`)

EXTERNAL SOURCES:
  PolarGX:
    :path: "../"

SPEC CHECKSUMS:
  PolarGX: ae1805bb9041c82dfe70f33014d60bbcf65b0324

PODFILE CHECKSUM: 67827dd53e94da970836222e39595afe65f263eb

COCOAPODS: 1.16.2
